// !$*UTF8*$!
{
	archiveVersion = 1;
	classes = {
	};
	objectVersion = 46;
	objects = {

/* Begin PBXBuildFile section */
		7D904A211AFBFE06008D75DD /* AppDelegate.swift in Sources */ = {isa = PBXBuildFile; fileRef = 7D904A201AFBFE06008D75DD /* AppDelegate.swift */; };
		7D904A231AFBFE06008D75DD /* RecordSoundsViewController.swift in Sources */ = {isa = PBXBuildFile; fileRef = 7D904A221AFBFE06008D75DD /* RecordSoundsViewController.swift */; };
		7D904A261AFBFE06008D75DD /* Main.storyboard in Resources */ = {isa = PBXBuildFile; fileRef = 7D904A241AFBFE06008D75DD /* Main.storyboard */; };
		7D904A281AFBFE06008D75DD /* Images.xcassets in Resources */ = {isa = PBXBuildFile; fileRef = 7D904A271AFBFE06008D75DD /* Images.xcassets */; };
		7D904A2B1AFBFE06008D75DD /* LaunchScreen.xib in Resources */ = {isa = PBXBuildFile; fileRef = 7D904A291AFBFE06008D75DD /* LaunchScreen.xib */; };
		7D904A371AFBFE06008D75DD /* Pitch_PerfectTests.swift in Sources */ = {isa = PBXBuildFile; fileRef = 7D904A361AFBFE06008D75DD /* Pitch_PerfectTests.swift */; };
		7D904A411AFE9E39008D75DD /* PlaySoundsViewController.swift in Sources */ = {isa = PBXBuildFile; fileRef = 7D904A401AFE9E39008D75DD /* PlaySoundsViewController.swift */; };
		7D904A431B029B07008D75DD /* AVFoundation.framework in Frameworks */ = {isa = PBXBuildFile; fileRef = 7D904A421B029B07008D75DD /* AVFoundation.framework */; };
		7D904A4A1B02E60A008D75DD /* RecordedAudio.swift in Sources */ = {isa = PBXBuildFile; fileRef = 7D904A491B02E60A008D75DD /* RecordedAudio.swift */; };
/* End PBXBuildFile section */

/* Begin PBXContainerItemProxy section */
		7D904A311AFBFE06008D75DD /* PBXContainerItemProxy */ = {
			isa = PBXContainerItemProxy;
			containerPortal = 7D904A131AFBFE06008D75DD /* Project object */;
			proxyType = 1;
			remoteGlobalIDString = 7D904A1A1AFBFE06008D75DD;
			remoteInfo = "Pitch Perfect";
		};
/* End PBXContainerItemProxy section */

/* Begin PBXFileReference section */
		7D904A1B1AFBFE06008D75DD /* Pitch Perfect.app */ = {isa = PBXFileReference; explicitFileType = wrapper.application; includeInIndex = 0; path = "Pitch Perfect.app"; sourceTree = BUILT_PRODUCTS_DIR; };
		7D904A1F1AFBFE06008D75DD /* Info.plist */ = {isa = PBXFileReference; lastKnownFileType = text.plist.xml; path = Info.plist; sourceTree = "<group>"; };
		7D904A201AFBFE06008D75DD /* AppDelegate.swift */ = {isa = PBXFileReference; lastKnownFileType = sourcecode.swift; path = AppDelegate.swift; sourceTree = "<group>"; };
		7D904A221AFBFE06008D75DD /* RecordSoundsViewController.swift */ = {isa = PBXFileReference; lastKnownFileType = sourcecode.swift; path = RecordSoundsViewController.swift; sourceTree = "<group>"; };
		7D904A251AFBFE06008D75DD /* Base */ = {isa = PBXFileReference; lastKnownFileType = file.storyboard; name = Base; path = Base.lproj/Main.storyboard; sourceTree = "<group>"; };
		7D904A271AFBFE06008D75DD /* Images.xcassets */ = {isa = PBXFileReference; lastKnownFileType = folder.assetcatalog; path = Images.xcassets; sourceTree = "<group>"; };
		7D904A2A1AFBFE06008D75DD /* Base */ = {isa = PBXFileReference; lastKnownFileType = file.xib; name = Base; path = Base.lproj/LaunchScreen.xib; sourceTree = "<group>"; };
		7D904A301AFBFE06008D75DD /* Pitch PerfectTests.xctest */ = {isa = PBXFileReference; explicitFileType = wrapper.cfbundle; includeInIndex = 0; path = "Pitch PerfectTests.xctest"; sourceTree = BUILT_PRODUCTS_DIR; };
		7D904A351AFBFE06008D75DD /* Info.plist */ = {isa = PBXFileReference; lastKnownFileType = text.plist.xml; path = Info.plist; sourceTree = "<group>"; };
		7D904A361AFBFE06008D75DD /* Pitch_PerfectTests.swift */ = {isa = PBXFileReference; lastKnownFileType = sourcecode.swift; path = Pitch_PerfectTests.swift; sourceTree = "<group>"; };
		7D904A401AFE9E39008D75DD /* PlaySoundsViewController.swift */ = {isa = PBXFileReference; fileEncoding = 4; lastKnownFileType = sourcecode.swift; path = PlaySoundsViewController.swift; sourceTree = "<group>"; };
		7D904A421B029B07008D75DD /* AVFoundation.framework */ = {isa = PBXFileReference; lastKnownFileType = wrapper.framework; name = AVFoundation.framework; path = System/Library/Frameworks/AVFoundation.framework; sourceTree = SDKROOT; };
		7D904A491B02E60A008D75DD /* RecordedAudio.swift */ = {isa = PBXFileReference; fileEncoding = 4; lastKnownFileType = sourcecode.swift; path = RecordedAudio.swift; sourceTree = "<group>"; };
/* End PBXFileReference section */

/* Begin PBXFrameworksBuildPhase section */
		7D904A181AFBFE06008D75DD /* Frameworks */ = {
			isa = PBXFrameworksBuildPhase;
			buildActionMask = 2147483647;
			files = (
				7D904A431B029B07008D75DD /* AVFoundation.framework in Frameworks */,
			);
			runOnlyForDeploymentPostprocessing = 0;
		};
		7D904A2D1AFBFE06008D75DD /* Frameworks */ = {
			isa = PBXFrameworksBuildPhase;
			buildActionMask = 2147483647;
			files = (
			);
			runOnlyForDeploymentPostprocessing = 0;
		};
/* End PBXFrameworksBuildPhase section */

/* Begin PBXGroup section */
		7D904A121AFBFE06008D75DD = {
			isa = PBXGroup;
			children = (
				7D904A421B029B07008D75DD /* AVFoundation.framework */,
				7D904A1D1AFBFE06008D75DD /* Pitch Perfect */,
				7D904A331AFBFE06008D75DD /* Pitch PerfectTests */,
				7D904A1C1AFBFE06008D75DD /* Products */,
			);
			sourceTree = "<group>";
		};
		7D904A1C1AFBFE06008D75DD /* Products */ = {
			isa = PBXGroup;
			children = (
				7D904A1B1AFBFE06008D75DD /* Pitch Perfect.app */,
				7D904A301AFBFE06008D75DD /* Pitch PerfectTests.xctest */,
			);
			name = Products;
			sourceTree = "<group>";
		};
		7D904A1D1AFBFE06008D75DD /* Pitch Perfect */ = {
			isa = PBXGroup;
			children = (
				7D904A201AFBFE06008D75DD /* AppDelegate.swift */,
				7D904A221AFBFE06008D75DD /* RecordSoundsViewController.swift */,
				7D904A491B02E60A008D75DD /* RecordedAudio.swift */,
				7D904A241AFBFE06008D75DD /* Main.storyboard */,
				7D904A401AFE9E39008D75DD /* PlaySoundsViewController.swift */,
				7D904A271AFBFE06008D75DD /* Images.xcassets */,
				7D904A291AFBFE06008D75DD /* LaunchScreen.xib */,
				7D904A1E1AFBFE06008D75DD /* Supporting Files */,
			);
			path = "Pitch Perfect";
			sourceTree = "<group>";
		};
		7D904A1E1AFBFE06008D75DD /* Supporting Files */ = {
			isa = PBXGroup;
			children = (
				7D904A1F1AFBFE06008D75DD /* Info.plist */,
			);
			name = "Supporting Files";
			sourceTree = "<group>";
		};
		7D904A331AFBFE06008D75DD /* Pitch PerfectTests */ = {
			isa = PBXGroup;
			children = (
				7D904A361AFBFE06008D75DD /* Pitch_PerfectTests.swift */,
				7D904A341AFBFE06008D75DD /* Supporting Files */,
			);
			path = "Pitch PerfectTests";
			sourceTree = "<group>";
		};
		7D904A341AFBFE06008D75DD /* Supporting Files */ = {
			isa = PBXGroup;
			children = (
				7D904A351AFBFE06008D75DD /* Info.plist */,
			);
			name = "Supporting Files";
			sourceTree = "<group>";
		};
/* End PBXGroup section */

/* Begin PBXNativeTarget section */
		7D904A1A1AFBFE06008D75DD /* Pitch Perfect */ = {
			isa = PBXNativeTarget;
			buildConfigurationList = 7D904A3A1AFBFE06008D75DD /* Build configuration list for PBXNativeTarget "Pitch Perfect" */;
			buildPhases = (
				7D904A171AFBFE06008D75DD /* Sources */,
				7D904A181AFBFE06008D75DD /* Frameworks */,
				7D904A191AFBFE06008D75DD /* Resources */,
			);
			buildRules = (
			);
			dependencies = (
			);
			name = "Pitch Perfect";
			productName = "Pitch Perfect";
			productReference = 7D904A1B1AFBFE06008D75DD /* Pitch Perfect.app */;
			productType = "com.apple.product-type.application";
		};
		7D904A2F1AFBFE06008D75DD /* Pitch PerfectTests */ = {
			isa = PBXNativeTarget;
			buildConfigurationList = 7D904A3D1AFBFE06008D75DD /* Build configuration list for PBXNativeTarget "Pitch PerfectTests" */;
			buildPhases = (
				7D904A2C1AFBFE06008D75DD /* Sources */,
				7D904A2D1AFBFE06008D75DD /* Frameworks */,
				7D904A2E1AFBFE06008D75DD /* Resources */,
			);
			buildRules = (
			);
			dependencies = (
				7D904A321AFBFE06008D75DD /* PBXTargetDependency */,
			);
			name = "Pitch PerfectTests";
			productName = "Pitch PerfectTests";
			productReference = 7D904A301AFBFE06008D75DD /* Pitch PerfectTests.xctest */;
			productType = "com.apple.product-type.bundle.unit-test";
		};
/* End PBXNativeTarget section */

/* Begin PBXProject section */
		7D904A131AFBFE06008D75DD /* Project object */ = {
			isa = PBXProject;
			attributes = {
				LastUpgradeCheck = 0630;
				ORGANIZATIONNAME = "Anisha Agarwal";
				TargetAttributes = {
					7D904A1A1AFBFE06008D75DD = {
						CreatedOnToolsVersion = 6.3.1;
						DevelopmentTeam = AEZZRLE56A;
					};
					7D904A2F1AFBFE06008D75DD = {
						CreatedOnToolsVersion = 6.3.1;
						TestTargetID = 7D904A1A1AFBFE06008D75DD;
					};
				};
			};
			buildConfigurationList = 7D904A161AFBFE06008D75DD /* Build configuration list for PBXProject "Pitch Perfect" */;
			compatibilityVersion = "Xcode 3.2";
			developmentRegion = English;
			hasScannedForEncodings = 0;
			knownRegions = (
				en,
				Base,
			);
			mainGroup = 7D904A121AFBFE06008D75DD;
			productRefGroup = 7D904A1C1AFBFE06008D75DD /* Products */;
			projectDirPath = "";
			projectRoot = "";
			targets = (
				7D904A1A1AFBFE06008D75DD /* Pitch Perfect */,
				7D904A2F1AFBFE06008D75DD /* Pitch PerfectTests */,
			);
		};
/* End PBXProject section */

/* Begin PBXResourcesBuildPhase section */
		7D904A191AFBFE06008D75DD /* Resources */ = {
			isa = PBXResourcesBuildPhase;
			buildActionMask = 2147483647;
			files = (
				7D904A261AFBFE06008D75DD /* Main.storyboard in Resources */,
				7D904A2B1AFBFE06008D75DD /* LaunchScreen.xib in Resources */,
				7D904A281AFBFE06008D75DD /* Images.xcassets in Resources */,
			);
			runOnlyForDeploymentPostprocessing = 0;
		};
		7D904A2E1AFBFE06008D75DD /* Resources */ = {
			isa = PBXResourcesBuildPhase;
			buildActionMask = 2147483647;
			files = (
			);
			runOnlyForDeploymentPostprocessing = 0;
		};
/* End PBXResourcesBuildPhase section */

/* Begin PBXSourcesBuildPhase section */
		7D904A171AFBFE06008D75DD /* Sources */ = {
			isa = PBXSourcesBuildPhase;
			buildActionMask = 2147483647;
			files = (
				7D904A4A1B02E60A008D75DD /* RecordedAudio.swift in Sources */,
				7D904A231AFBFE06008D75DD /* RecordSoundsViewController.swift in Sources */,
				7D904A411AFE9E39008D75DD /* PlaySoundsViewController.swift in Sources */,
				7D904A211AFBFE06008D75DD /* AppDelegate.swift in Sources */,
			);
			runOnlyForDeploymentPostprocessing = 0;
		};
		7D904A2C1AFBFE06008D75DD /* Sources */ = {
			isa = PBXSourcesBuildPhase;
			buildActionMask = 2147483647;
			files = (
				7D904A371AFBFE06008D75DD /* Pitch_PerfectTests.swift in Sources */,
			);
			runOnlyForDeploymentPostprocessing = 0;
		};
/* End PBXSourcesBuildPhase section */

/* Begin PBXTargetDependency section */
		7D904A321AFBFE06008D75DD /* PBXTargetDependency */ = {
			isa = PBXTargetDependency;
			target = 7D904A1A1AFBFE06008D75DD /* Pitch Perfect */;
			targetProxy = 7D904A311AFBFE06008D75DD /* PBXContainerItemProxy */;
		};
/* End PBXTargetDependency section */

/* Begin PBXVariantGroup section */
		7D904A241AFBFE06008D75DD /* Main.storyboard */ = {
			isa = PBXVariantGroup;
			children = (
				7D904A251AFBFE06008D75DD /* Base */,
			);
			name = Main.storyboard;
			sourceTree = "<group>";
		};
		7D904A291AFBFE06008D75DD /* LaunchScreen.xib */ = {
			isa = PBXVariantGroup;
			children = (
				7D904A2A1AFBFE06008D75DD /* Base */,
			);
			name = LaunchScreen.xib;
			sourceTree = "<group>";
		};
/* End PBXVariantGroup section */

/* Begin XCBuildConfiguration section */
		7D904A381AFBFE06008D75DD /* Debug */ = {
			isa = XCBuildConfiguration;
			buildSettings = {
				ALWAYS_SEARCH_USER_PATHS = NO;
				CLANG_CXX_LANGUAGE_STANDARD = "gnu++0x";
				CLANG_CXX_LIBRARY = "libc++";
				CLANG_ENABLE_MODULES = YES;
				CLANG_ENABLE_OBJC_ARC = YES;
				CLANG_WARN_BOOL_CONVERSION = YES;
				CLANG_WARN_CONSTANT_CONVERSION = YES;
				CLANG_WARN_DIRECT_OBJC_ISA_USAGE = YES_ERROR;
				CLANG_WARN_EMPTY_BODY = YES;
				CLANG_WARN_ENUM_CONVERSION = YES;
				CLANG_WARN_INT_CONVERSION = YES;
				CLANG_WARN_OBJC_ROOT_CLASS = YES_ERROR;
				CLANG_WARN_UNREACHABLE_CODE = YES;
				CLANG_WARN__DUPLICATE_METHOD_MATCH = YES;
				"CODE_SIGN_IDENTITY[sdk=iphoneos*]" = "iPhone Developer";
				COPY_PHASE_STRIP = NO;
				DEBUG_INFORMATION_FORMAT = "dwarf-with-dsym";
				ENABLE_STRICT_OBJC_MSGSEND = YES;
				GCC_C_LANGUAGE_STANDARD = gnu99;
				GCC_DYNAMIC_NO_PIC = NO;
				GCC_NO_COMMON_BLOCKS = YES;
				GCC_OPTIMIZATION_LEVEL = 0;
				GCC_PREPROCESSOR_DEFINITIONS = (
					"DEBUG=1",
					"$(inherited)",
				);
				GCC_SYMBOLS_PRIVATE_EXTERN = NO;
				GCC_WARN_64_TO_32_BIT_CONVERSION = YES;
				GCC_WARN_ABOUT_RETURN_TYPE = YES_ERROR;
				GCC_WARN_UNDECLARED_SELECTOR = YES;
				GCC_WARN_UNINITIALIZED_AUTOS = YES_AGGRESSIVE;
				GCC_WARN_UNUSED_FUNCTION = YES;
				GCC_WARN_UNUSED_VARIABLE = YES;
				IPHONEOS_DEPLOYMENT_TARGET = 8.3;
				MTL_ENABLE_DEBUG_INFO = YES;
				ONLY_ACTIVE_ARCH = YES;
				SDKROOT = iphoneos;
				SWIFT_OPTIMIZATION_LEVEL = "-Onone";
			};
			name = Debug;
		};
		7D904A391AFBFE06008D75DD /* Release */ = {
			isa = XCBuildConfiguration;
			buildSettings = {
				ALWAYS_SEARCH_USER_PATHS = NO;
				CLANG_CXX_LANGUAGE_STANDARD = "gnu++0x";
				CLANG_CXX_LIBRARY = "libc++";
				CLANG_ENABLE_MODULES = YES;
				CLANG_ENABLE_OBJC_ARC = YES;
				CLANG_WARN_BOOL_CONVERSION = YES;
				CLANG_WARN_CONSTANT_CONVERSION = YES;
				CLANG_WARN_DIRECT_OBJC_ISA_USAGE = YES_ERROR;
				CLANG_WARN_EMPTY_BODY = YES;
				CLANG_WARN_ENUM_CONVERSION = YES;
				CLANG_WARN_INT_CONVERSION = YES;
				CLANG_WARN_OBJC_ROOT_CLASS = YES_ERROR;
				CLANG_WARN_UNREACHABLE_CODE = YES;
				CLANG_WARN__DUPLICATE_METHOD_MATCH = YES;
				"CODE_SIGN_IDENTITY[sdk=iphoneos*]" = "iPhone Developer";
				COPY_PHASE_STRIP = NO;
				DEBUG_INFORMATION_FORMAT = "dwarf-with-dsym";
				ENABLE_NS_ASSERTIONS = NO;
				ENABLE_STRICT_OBJC_MSGSEND = YES;
				GCC_C_LANGUAGE_STANDARD = gnu99;
				GCC_NO_COMMON_BLOCKS = YES;
				GCC_WARN_64_TO_32_BIT_CONVERSION = YES;
				GCC_WARN_ABOUT_RETURN_TYPE = YES_ERROR;
				GCC_WARN_UNDECLARED_SELECTOR = YES;
				GCC_WARN_UNINITIALIZED_AUTOS = YES_AGGRESSIVE;
				GCC_WARN_UNUSED_FUNCTION = YES;
				GCC_WARN_UNUSED_VARIABLE = YES;
				IPHONEOS_DEPLOYMENT_TARGET = 8.3;
				MTL_ENABLE_DEBUG_INFO = NO;
				SDKROOT = iphoneos;
				VALIDATE_PRODUCT = YES;
			};
			name = Release;
		};
		7D904A3B1AFBFE06008D75DD /* Debug */ = {
			isa = XCBuildConfiguration;
			buildSettings = {
				ASSETCATALOG_COMPILER_APPICON_NAME = AppIcon;
				CODE_SIGN_IDENTITY = "iPhone Developer";
				"CODE_SIGN_IDENTITY[sdk=iphoneos*]" = "iPhone Developer";
				INFOPLIST_FILE = "Pitch Perfect/Info.plist";
				IPHONEOS_DEPLOYMENT_TARGET = 8.3;
				LD_RUNPATH_SEARCH_PATHS = "$(inherited) @executable_path/Frameworks";
				PRODUCT_NAME = "$(TARGET_NAME)";
				PROVISIONING_PROFILE = "";
			};
			name = Debug;
		};
		7D904A3C1AFBFE06008D75DD /* Release */ = {
			isa = XCBuildConfiguration;
			buildSettings = {
				ASSETCATALOG_COMPILER_APPICON_NAME = AppIcon;
				CODE_SIGN_IDENTITY = "iPhone Developer";
				"CODE_SIGN_IDENTITY[sdk=iphoneos*]" = "iPhone Developer";
				INFOPLIST_FILE = "Pitch Perfect/Info.plist";
				IPHONEOS_DEPLOYMENT_TARGET = 8.3;
				LD_RUNPATH_SEARCH_PATHS = "$(inherited) @executable_path/Frameworks";
				PRODUCT_NAME = "$(TARGET_NAME)";
				PROVISIONING_PROFILE = "";
			};
			name = Release;
		};
		7D904A3E1AFBFE06008D75DD /* Debug */ = {
			isa = XCBuildConfiguration;
			buildSettings = {
				BUNDLE_LOADER = "$(TEST_HOST)";
				FRAMEWORK_SEARCH_PATHS = (
					"$(SDKROOT)/Developer/Library/Frameworks",
					"$(inherited)",
				);
				GCC_PREPROCESSOR_DEFINITIONS = (
					"DEBUG=1",
					"$(inherited)",
				);
				INFOPLIST_FILE = "Pitch PerfectTests/Info.plist";
				LD_RUNPATH_SEARCH_PATHS = "$(inherited) @executable_path/Frameworks @loader_path/Frameworks";
				PRODUCT_NAME = "$(TARGET_NAME)";
				TEST_HOST = "$(BUILT_PRODUCTS_DIR)/Pitch Perfect.app/Pitch Perfect";
			};
			name = Debug;
		};
		7D904A3F1AFBFE06008D75DD /* Release */ = {
			isa = XCBuildConfiguration;
			buildSettings = {
				BUNDLE_LOADER = "$(TEST_HOST)";
				FRAMEWORK_SEARCH_PATHS = (
					"$(SDKROOT)/Developer/Library/Frameworks",
					"$(inherited)",
				);
				INFOPLIST_FILE = "Pitch PerfectTests/Info.plist";
				LD_RUNPATH_SEARCH_PATHS = "$(inherited) @executable_path/Frameworks @loader_path/Frameworks";
				PRODUCT_NAME = "$(TARGET_NAME)";
				TEST_HOST = "$(BUILT_PRODUCTS_DIR)/Pitch Perfect.app/Pitch Perfect";
			};
			name = Release;
		};
/* End XCBuildConfiguration section */

/* Begin XCConfigurationList section */
		7D904A161AFBFE06008D75DD /* Build configuration list for PBXProject "Pitch Perfect" */ = {
			isa = XCConfigurationList;
			buildConfigurations = (
				7D904A381AFBFE06008D75DD /* Debug */,
				7D904A391AFBFE06008D75DD /* Release */,
			);
			defaultConfigurationIsVisible = 0;
			defaultConfigurationName = Release;
		};
		7D904A3A1AFBFE06008D75DD /* Build configuration list for PBXNativeTarget "Pitch Perfect" */ = {
			isa = XCConfigurationList;
			buildConfigurations = (
				7D904A3B1AFBFE06008D75DD /* Debug */,
				7D904A3C1AFBFE06008D75DD /* Release */,
			);
			defaultConfigurationIsVisible = 0;
			defaultConfigurationName = Release;
		};
		7D904A3D1AFBFE06008D75DD /* Build configuration list for PBXNativeTarget "Pitch PerfectTests" */ = {
			isa = XCConfigurationList;
			buildConfigurations = (
				7D904A3E1AFBFE06008D75DD /* Debug */,
				7D904A3F1AFBFE06008D75DD /* Release */,
			);
			defaultConfigurationIsVisible = 0;
			defaultConfigurationName = Release;
		};
/* End XCConfigurationList section */
	};
	rootObject = 7D904A131AFBFE06008D75DD /* Project object */;
}
